
Microsoft Visual Studio Solution File, Format Version 12.00
# Visual Studio Version 17
VisualStudioVersion = 17.10.35004.147
MinimumVisualStudioVersion = 10.0.40219.1
Project("{FAE04EC0-301F-11D3-BF4B-00C04F79EFBC}") = "Gomoku", "Gomoku\Gomoku.csproj", "{EA4AC37B-46FC-4556-8993-72853DFB5DF3}"
EndProject
Global
	GlobalSection(SolutionConfigurationPlatforms) = preSolution
		Debug|Any CPU = Debug|Any CPU
		Release|Any CPU = Release|Any CPU
	EndGlobalSection
	GlobalSection(ProjectConfigurationPlatforms) = postSolution
		{EA4AC37B-46FC-4556-8993-72853DFB5DF3}.Debug|Any CPU.ActiveCfg = Debug|Any CPU
		{EA4AC37B-46FC-4556-8993-72853DFB5DF3}.Debug|Any CPU.Build.0 = Debug|Any CPU
		{EA4AC37B-46FC-4556-8993-72853DFB5DF3}.Release|Any CPU.ActiveCfg = Release|Any CPU
		{EA4AC37B-46FC-4556-8993-72853DFB5DF3}.Release|Any CPU.Build.0 = Release|Any CPU
	EndGlobalSection
	GlobalSection(SolutionProperties) = preSolution
		HideSolutionNode = FALSE
	EndGlobalSection
	GlobalSection(ExtensibilityGlobals) = postSolution
		SolutionGuid = {0BDB75CD-8D0C-4067-89ED-BA474E681BDF}
	EndGlobalSection
EndGlobal
